// !$*UTF8*$!
{
	archiveVersion = 1;
	classes = {
	};
	objectVersion = 50;
	objects = {

/* Begin PBXBuildFile section */
		5F3EB8452331E05C004E0523 /* AppDelegate.swift in Sources */ = {isa = PBXBuildFile; fileRef = 5F3EB8442331E05C004E0523 /* AppDelegate.swift */; };
		5F3EB8472331E05C004E0523 /* ViewController.swift in Sources */ = {isa = PBXBuildFile; fileRef = 5F3EB8462331E05C004E0523 /* ViewController.swift */; };
		5F3EB84A2331E05C004E0523 /* Main.storyboard in Resources */ = {isa = PBXBuildFile; fileRef = 5F3EB8482331E05C004E0523 /* Main.storyboard */; };
		5F3EB84C2331E05D004E0523 /* Assets.xcassets in Resources */ = {isa = PBXBuildFile; fileRef = 5F3EB84B2331E05D004E0523 /* Assets.xcassets */; };
		5F3EB84F2331E05D004E0523 /* LaunchScreen.storyboard in Resources */ = {isa = PBXBuildFile; fileRef = 5F3EB84D2331E05D004E0523 /* LaunchScreen.storyboard */; };
		5F3EB85A2331E05D004E0523 /* lesson1Tests.swift in Sources */ = {isa = PBXBuildFile; fileRef = 5F3EB8592331E05D004E0523 /* lesson1Tests.swift */; };
		5F3EB8652331E05D004E0523 /* lesson1UITests.swift in Sources */ = {isa = PBXBuildFile; fileRef = 5F3EB8642331E05D004E0523 /* lesson1UITests.swift */; };
/* End PBXBuildFile section */

/* Begin PBXContainerItemProxy section */
		5F3EB8562331E05D004E0523 /* PBXContainerItemProxy */ = {
			isa = PBXContainerItemProxy;
			containerPortal = 5F3EB8392331E05C004E0523 /* Project object */;
			proxyType = 1;
			remoteGlobalIDString = 5F3EB8402331E05C004E0523;
			remoteInfo = lesson1;
		};
		5F3EB8612331E05D004E0523 /* PBXContainerItemProxy */ = {
			isa = PBXContainerItemProxy;
			containerPortal = 5F3EB8392331E05C004E0523 /* Project object */;
			proxyType = 1;
			remoteGlobalIDString = 5F3EB8402331E05C004E0523;
			remoteInfo = lesson1;
		};
/* End PBXContainerItemProxy section */

/* Begin PBXFileReference section */
		5F3EB8412331E05C004E0523 /* lesson1.app */ = {isa = PBXFileReference; explicitFileType = wrapper.application; includeInIndex = 0; path = lesson1.app; sourceTree = BUILT_PRODUCTS_DIR; };
		5F3EB8442331E05C004E0523 /* AppDelegate.swift */ = {isa = PBXFileReference; lastKnownFileType = sourcecode.swift; path = AppDelegate.swift; sourceTree = "<group>"; };
		5F3EB8462331E05C004E0523 /* ViewController.swift */ = {isa = PBXFileReference; lastKnownFileType = sourcecode.swift; path = ViewController.swift; sourceTree = "<group>"; };
		5F3EB8492331E05C004E0523 /* Base */ = {isa = PBXFileReference; lastKnownFileType = file.storyboard; name = Base; path = Base.lproj/Main.storyboard; sourceTree = "<group>"; };
		5F3EB84B2331E05D004E0523 /* Assets.xcassets */ = {isa = PBXFileReference; lastKnownFileType = folder.assetcatalog; path = Assets.xcassets; sourceTree = "<group>"; };
		5F3EB84E2331E05D004E0523 /* Base */ = {isa = PBXFileReference; lastKnownFileType = file.storyboard; name = Base; path = Base.lproj/LaunchScreen.storyboard; sourceTree = "<group>"; };
		5F3EB8502331E05D004E0523 /* Info.plist */ = {isa = PBXFileReference; lastKnownFileType = text.plist.xml; path = Info.plist; sourceTree = "<group>"; };
		5F3EB8552331E05D004E0523 /* lesson1Tests.xctest */ = {isa = PBXFileReference; explicitFileType = wrapper.cfbundle; includeInIndex = 0; path = lesson1Tests.xctest; sourceTree = BUILT_PRODUCTS_DIR; };
		5F3EB8592331E05D004E0523 /* lesson1Tests.swift */ = {isa = PBXFileReference; lastKnownFileType = sourcecode.swift; path = lesson1Tests.swift; sourceTree = "<group>"; };
		5F3EB85B2331E05D004E0523 /* Info.plist */ = {isa = PBXFileReference; lastKnownFileType = text.plist.xml; path = Info.plist; sourceTree = "<group>"; };
		5F3EB8602331E05D004E0523 /* lesson1UITests.xctest */ = {isa = PBXFileReference; explicitFileType = wrapper.cfbundle; includeInIndex = 0; path = lesson1UITests.xctest; sourceTree = BUILT_PRODUCTS_DIR; };
		5F3EB8642331E05D004E0523 /* lesson1UITests.swift */ = {isa = PBXFileReference; lastKnownFileType = sourcecode.swift; path = lesson1UITests.swift; sourceTree = "<group>"; };
		5F3EB8662331E05D004E0523 /* Info.plist */ = {isa = PBXFileReference; lastKnownFileType = text.plist.xml; path = Info.plist; sourceTree = "<group>"; };
/* End PBXFileReference section */

/* Begin PBXFrameworksBuildPhase section */
		5F3EB83E2331E05C004E0523 /* Frameworks */ = {
			isa = PBXFrameworksBuildPhase;
			buildActionMask = 2147483647;
			files = (
			);
			runOnlyForDeploymentPostprocessing = 0;
		};
		5F3EB8522331E05D004E0523 /* Frameworks */ = {
			isa = PBXFrameworksBuildPhase;
			buildActionMask = 2147483647;
			files = (
			);
			runOnlyForDeploymentPostprocessing = 0;
		};
		5F3EB85D2331E05D004E0523 /* Frameworks */ = {
			isa = PBXFrameworksBuildPhase;
			buildActionMask = 2147483647;
			files = (
			);
			runOnlyForDeploymentPostprocessing = 0;
		};
/* End PBXFrameworksBuildPhase section */

/* Begin PBXGroup section */
		5F3EB8382331E05C004E0523 = {
			isa = PBXGroup;
			children = (
				5F3EB8432331E05C004E0523 /* lesson1 */,
				5F3EB8582331E05D004E0523 /* lesson1Tests */,
				5F3EB8632331E05D004E0523 /* lesson1UITests */,
				5F3EB8422331E05C004E0523 /* Products */,
			);
			sourceTree = "<group>";
		};
		5F3EB8422331E05C004E0523 /* Products */ = {
			isa = PBXGroup;
			children = (
				5F3EB8412331E05C004E0523 /* lesson1.app */,
				5F3EB8552331E05D004E0523 /* lesson1Tests.xctest */,
				5F3EB8602331E05D004E0523 /* lesson1UITests.xctest */,
			);
			name = Products;
			sourceTree = "<group>";
		};
		5F3EB8432331E05C004E0523 /* lesson1 */ = {
			isa = PBXGroup;
			children = (
				5F3EB8442331E05C004E0523 /* AppDelegate.swift */,
				5F3EB8462331E05C004E0523 /* ViewController.swift */,
				5F3EB8482331E05C004E0523 /* Main.storyboard */,
				5F3EB84B2331E05D004E0523 /* Assets.xcassets */,
				5F3EB84D2331E05D004E0523 /* LaunchScreen.storyboard */,
				5F3EB8502331E05D004E0523 /* Info.plist */,
			);
			path = lesson1;
			sourceTree = "<group>";
		};
		5F3EB8582331E05D004E0523 /* lesson1Tests */ = {
			isa = PBXGroup;
			children = (
				5F3EB8592331E05D004E0523 /* lesson1Tests.swift */,
				5F3EB85B2331E05D004E0523 /* Info.plist */,
			);
			path = lesson1Tests;
			sourceTree = "<group>";
		};
		5F3EB8632331E05D004E0523 /* lesson1UITests */ = {
			isa = PBXGroup;
			children = (
				5F3EB8642331E05D004E0523 /* lesson1UITests.swift */,
				5F3EB8662331E05D004E0523 /* Info.plist */,
			);
			path = lesson1UITests;
			sourceTree = "<group>";
		};
/* End PBXGroup section */

/* Begin PBXNativeTarget section */
		5F3EB8402331E05C004E0523 /* lesson1 */ = {
			isa = PBXNativeTarget;
			buildConfigurationList = 5F3EB8692331E05D004E0523 /* Build configuration list for PBXNativeTarget "lesson1" */;
			buildPhases = (
				5F3EB83D2331E05C004E0523 /* Sources */,
				5F3EB83E2331E05C004E0523 /* Frameworks */,
				5F3EB83F2331E05C004E0523 /* Resources */,
			);
			buildRules = (
			);
			dependencies = (
			);
			name = lesson1;
			productName = lesson1;
			productReference = 5F3EB8412331E05C004E0523 /* lesson1.app */;
			productType = "com.apple.product-type.application";
		};
		5F3EB8542331E05D004E0523 /* lesson1Tests */ = {
			isa = PBXNativeTarget;
			buildConfigurationList = 5F3EB86C2331E05D004E0523 /* Build configuration list for PBXNativeTarget "lesson1Tests" */;
			buildPhases = (
				5F3EB8512331E05D004E0523 /* Sources */,
				5F3EB8522331E05D004E0523 /* Frameworks */,
				5F3EB8532331E05D004E0523 /* Resources */,
			);
			buildRules = (
			);
			dependencies = (
				5F3EB8572331E05D004E0523 /* PBXTargetDependency */,
			);
			name = lesson1Tests;
			productName = lesson1Tests;
			productReference = 5F3EB8552331E05D004E0523 /* lesson1Tests.xctest */;
			productType = "com.apple.product-type.bundle.unit-test";
		};
		5F3EB85F2331E05D004E0523 /* lesson1UITests */ = {
			isa = PBXNativeTarget;
			buildConfigurationList = 5F3EB86F2331E05D004E0523 /* Build configuration list for PBXNativeTarget "lesson1UITests" */;
			buildPhases = (
				5F3EB85C2331E05D004E0523 /* Sources */,
				5F3EB85D2331E05D004E0523 /* Frameworks */,
				5F3EB85E2331E05D004E0523 /* Resources */,
			);
			buildRules = (
			);
			dependencies = (
				5F3EB8622331E05D004E0523 /* PBXTargetDependency */,
			);
			name = lesson1UITests;
			productName = lesson1UITests;
			productReference = 5F3EB8602331E05D004E0523 /* lesson1UITests.xctest */;
			productType = "com.apple.product-type.bundle.ui-testing";
		};
/* End PBXNativeTarget section */

/* Begin PBXProject section */
		5F3EB8392331E05C004E0523 /* Project object */ = {
			isa = PBXProject;
			attributes = {
				LastSwiftUpdateCheck = 1010;
				LastUpgradeCheck = 1010;
				ORGANIZATIONNAME = "Oleh Lutsyk";
				TargetAttributes = {
					5F3EB8402331E05C004E0523 = {
						CreatedOnToolsVersion = 10.1;
					};
					5F3EB8542331E05D004E0523 = {
						CreatedOnToolsVersion = 10.1;
						TestTargetID = 5F3EB8402331E05C004E0523;
					};
					5F3EB85F2331E05D004E0523 = {
						CreatedOnToolsVersion = 10.1;
						TestTargetID = 5F3EB8402331E05C004E0523;
					};
				};
			};
			buildConfigurationList = 5F3EB83C2331E05C004E0523 /* Build configuration list for PBXProject "lesson1" */;
			compatibilityVersion = "Xcode 9.3";
			developmentRegion = en;
			hasScannedForEncodings = 0;
			knownRegions = (
				en,
				Base,
			);
			mainGroup = 5F3EB8382331E05C004E0523;
			productRefGroup = 5F3EB8422331E05C004E0523 /* Products */;
			projectDirPath = "";
			projectRoot = "";
			targets = (
				5F3EB8402331E05C004E0523 /* lesson1 */,
				5F3EB8542331E05D004E0523 /* lesson1Tests */,
				5F3EB85F2331E05D004E0523 /* lesson1UITests */,
			);
		};
/* End PBXProject section */

/* Begin PBXResourcesBuildPhase section */
		5F3EB83F2331E05C004E0523 /* Resources */ = {
			isa = PBXResourcesBuildPhase;
			buildActionMask = 2147483647;
			files = (
				5F3EB84F2331E05D004E0523 /* LaunchScreen.storyboard in Resources */,
				5F3EB84C2331E05D004E0523 /* Assets.xcassets in Resources */,
				5F3EB84A2331E05C004E0523 /* Main.storyboard in Resources */,
			);
			runOnlyForDeploymentPostprocessing = 0;
		};
		5F3EB8532331E05D004E0523 /* Resources */ = {
			isa = PBXResourcesBuildPhase;
			buildActionMask = 2147483647;
			files = (
			);
			runOnlyForDeploymentPostprocessing = 0;
		};
		5F3EB85E2331E05D004E0523 /* Resources */ = {
			isa = PBXResourcesBuildPhase;
			buildActionMask = 2147483647;
			files = (
			);
			runOnlyForDeploymentPostprocessing = 0;
		};
/* End PBXResourcesBuildPhase section */

/* Begin PBXSourcesBuildPhase section */
		5F3EB83D2331E05C004E0523 /* Sources */ = {
			isa = PBXSourcesBuildPhase;
			buildActionMask = 2147483647;
			files = (
				5F3EB8472331E05C004E0523 /* ViewController.swift in Sources */,
				5F3EB8452331E05C004E0523 /* AppDelegate.swift in Sources */,
			);
			runOnlyForDeploymentPostprocessing = 0;
		};
		5F3EB8512331E05D004E0523 /* Sources */ = {
			isa = PBXSourcesBuildPhase;
			buildActionMask = 2147483647;
			files = (
				5F3EB85A2331E05D004E0523 /* lesson1Tests.swift in Sources */,
			);
			runOnlyForDeploymentPostprocessing = 0;
		};
		5F3EB85C2331E05D004E0523 /* Sources */ = {
			isa = PBXSourcesBuildPhase;
			buildActionMask = 2147483647;
			files = (
				5F3EB8652331E05D004E0523 /* lesson1UITests.swift in Sources */,
			);
			runOnlyForDeploymentPostprocessing = 0;
		};
/* End PBXSourcesBuildPhase section */

/* Begin PBXTargetDependency section */
		5F3EB8572331E05D004E0523 /* PBXTargetDependency */ = {
			isa = PBXTargetDependency;
			target = 5F3EB8402331E05C004E0523 /* lesson1 */;
			targetProxy = 5F3EB8562331E05D004E0523 /* PBXContainerItemProxy */;
		};
		5F3EB8622331E05D004E0523 /* PBXTargetDependency */ = {
			isa = PBXTargetDependency;
			target = 5F3EB8402331E05C004E0523 /* lesson1 */;
			targetProxy = 5F3EB8612331E05D004E0523 /* PBXContainerItemProxy */;
		};
/* End PBXTargetDependency section */

/* Begin PBXVariantGroup section */
		5F3EB8482331E05C004E0523 /* Main.storyboard */ = {
			isa = PBXVariantGroup;
			children = (
				5F3EB8492331E05C004E0523 /* Base */,
			);
			name = Main.storyboard;
			sourceTree = "<group>";
		};
		5F3EB84D2331E05D004E0523 /* LaunchScreen.storyboard */ = {
			isa = PBXVariantGroup;
			children = (
				5F3EB84E2331E05D004E0523 /* Base */,
			);
			name = LaunchScreen.storyboard;
			sourceTree = "<group>";
		};
/* End PBXVariantGroup section */

/* Begin XCBuildConfiguration section */
		5F3EB8672331E05D004E0523 /* Debug */ = {
			isa = XCBuildConfiguration;
			buildSettings = {
				ALWAYS_SEARCH_USER_PATHS = NO;
				CLANG_ANALYZER_NONNULL = YES;
				CLANG_ANALYZER_NUMBER_OBJECT_CONVERSION = YES_AGGRESSIVE;
				CLANG_CXX_LANGUAGE_STANDARD = "gnu++14";
				CLANG_CXX_LIBRARY = "libc++";
				CLANG_ENABLE_MODULES = YES;
				CLANG_ENABLE_OBJC_ARC = YES;
				CLANG_ENABLE_OBJC_WEAK = YES;
				CLANG_WARN_BLOCK_CAPTURE_AUTORELEASING = YES;
				CLANG_WARN_BOOL_CONVERSION = YES;
				CLANG_WARN_COMMA = YES;
				CLANG_WARN_CONSTANT_CONVERSION = YES;
				CLANG_WARN_DEPRECATED_OBJC_IMPLEMENTATIONS = YES;
				CLANG_WARN_DIRECT_OBJC_ISA_USAGE = YES_ERROR;
				CLANG_WARN_DOCUMENTATION_COMMENTS = YES;
				CLANG_WARN_EMPTY_BODY = YES;
				CLANG_WARN_ENUM_CONVERSION = YES;
				CLANG_WARN_INFINITE_RECURSION = YES;
				CLANG_WARN_INT_CONVERSION = YES;
				CLANG_WARN_NON_LITERAL_NULL_CONVERSION = YES;
				CLANG_WARN_OBJC_IMPLICIT_RETAIN_SELF = YES;
				CLANG_WARN_OBJC_LITERAL_CONVERSION = YES;
				CLANG_WARN_OBJC_ROOT_CLASS = YES_ERROR;
				CLANG_WARN_RANGE_LOOP_ANALYSIS = YES;
				CLANG_WARN_STRICT_PROTOTYPES = YES;
				CLANG_WARN_SUSPICIOUS_MOVE = YES;
				CLANG_WARN_UNGUARDED_AVAILABILITY = YES_AGGRESSIVE;
				CLANG_WARN_UNREACHABLE_CODE = YES;
				CLANG_WARN__DUPLICATE_METHOD_MATCH = YES;
				CODE_SIGN_IDENTITY = "iPhone Developer";
				COPY_PHASE_STRIP = NO;
				DEBUG_INFORMATION_FORMAT = dwarf;
				ENABLE_STRICT_OBJC_MSGSEND = YES;
				ENABLE_TESTABILITY = YES;
				GCC_C_LANGUAGE_STANDARD = gnu11;
				GCC_DYNAMIC_NO_PIC = NO;
				GCC_NO_COMMON_BLOCKS = YES;
				GCC_OPTIMIZATION_LEVEL = 0;
				GCC_PREPROCESSOR_DEFINITIONS = (
					"DEBUG=1",
					"$(inherited)",
				);
				GCC_WARN_64_TO_32_BIT_CONVERSION = YES;
				GCC_WARN_ABOUT_RETURN_TYPE = YES_ERROR;
				GCC_WARN_UNDECLARED_SELECTOR = YES;
				GCC_WARN_UNINITIALIZED_AUTOS = YES_AGGRESSIVE;
				GCC_WARN_UNUSED_FUNCTION = YES;
				GCC_WARN_UNUSED_VARIABLE = YES;
				IPHONEOS_DEPLOYMENT_TARGET = 12.1;
				MTL_ENABLE_DEBUG_INFO = INCLUDE_SOURCE;
				MTL_FAST_MATH = YES;
				ONLY_ACTIVE_ARCH = YES;
				SDKROOT = iphoneos;
				SWIFT_ACTIVE_COMPILATION_CONDITIONS = DEBUG;
				SWIFT_OPTIMIZATION_LEVEL = "-Onone";
			};
			name = Debug;
		};
		5F3EB8682331E05D004E0523 /* Release */ = {
			isa = XCBuildConfiguration;
			buildSettings = {
				ALWAYS_SEARCH_USER_PATHS = NO;
				CLANG_ANALYZER_NONNULL = YES;
				CLANG_ANALYZER_NUMBER_OBJECT_CONVERSION = YES_AGGRESSIVE;
				CLANG_CXX_LANGUAGE_STANDARD = "gnu++14";
				CLANG_CXX_LIBRARY = "libc++";
				CLANG_ENABLE_MODULES = YES;
				CLANG_ENABLE_OBJC_ARC = YES;
				CLANG_ENABLE_OBJC_WEAK = YES;
				CLANG_WARN_BLOCK_CAPTURE_AUTORELEASING = YES;
				CLANG_WARN_BOOL_CONVERSION = YES;
				CLANG_WARN_COMMA = YES;
				CLANG_WARN_CONSTANT_CONVERSION = YES;
				CLANG_WARN_DEPRECATED_OBJC_IMPLEMENTATIONS = YES;
				CLANG_WARN_DIRECT_OBJC_ISA_USAGE = YES_ERROR;
				CLANG_WARN_DOCUMENTATION_COMMENTS = YES;
				CLANG_WARN_EMPTY_BODY = YES;
				CLANG_WARN_ENUM_CONVERSION = YES;
				CLANG_WARN_INFINITE_RECURSION = YES;
				CLANG_WARN_INT_CONVERSION = YES;
				CLANG_WARN_NON_LITERAL_NULL_CONVERSION = YES;
				CLANG_WARN_OBJC_IMPLICIT_RETAIN_SELF = YES;
				CLANG_WARN_OBJC_LITERAL_CONVERSION = YES;
				CLANG_WARN_OBJC_ROOT_CLASS = YES_ERROR;
				CLANG_WARN_RANGE_LOOP_ANALYSIS = YES;
				CLANG_WARN_STRICT_PROTOTYPES = YES;
				CLANG_WARN_SUSPICIOUS_MOVE = YES;
				CLANG_WARN_UNGUARDED_AVAILABILITY = YES_AGGRESSIVE;
				CLANG_WARN_UNREACHABLE_CODE = YES;
				CLANG_WARN__DUPLICATE_METHOD_MATCH = YES;
				CODE_SIGN_IDENTITY = "iPhone Developer";
				COPY_PHASE_STRIP = NO;
				DEBUG_INFORMATION_FORMAT = "dwarf-with-dsym";
				ENABLE_NS_ASSERTIONS = NO;
				ENABLE_STRICT_OBJC_MSGSEND = YES;
				GCC_C_LANGUAGE_STANDARD = gnu11;
				GCC_NO_COMMON_BLOCKS = YES;
				GCC_WARN_64_TO_32_BIT_CONVERSION = YES;
				GCC_WARN_ABOUT_RETURN_TYPE = YES_ERROR;
				GCC_WARN_UNDECLARED_SELECTOR = YES;
				GCC_WARN_UNINITIALIZED_AUTOS = YES_AGGRESSIVE;
				GCC_WARN_UNUSED_FUNCTION = YES;
				GCC_WARN_UNUSED_VARIABLE = YES;
				IPHONEOS_DEPLOYMENT_TARGET = 12.1;
				MTL_ENABLE_DEBUG_INFO = NO;
				MTL_FAST_MATH = YES;
				SDKROOT = iphoneos;
				SWIFT_COMPILATION_MODE = wholemodule;
				SWIFT_OPTIMIZATION_LEVEL = "-O";
				VALIDATE_PRODUCT = YES;
			};
			name = Release;
		};
		5F3EB86A2331E05D004E0523 /* Debug */ = {
			isa = XCBuildConfiguration;
			buildSettings = {
				ASSETCATALOG_COMPILER_APPICON_NAME = AppIcon;
				CODE_SIGN_STYLE = Automatic;
				INFOPLIST_FILE = lesson1/Info.plist;
				LD_RUNPATH_SEARCH_PATHS = (
					"$(inherited)",
					"@executable_path/Frameworks",
				);
				PRODUCT_BUNDLE_IDENTIFIER = lollehy.lesson1;
				PRODUCT_NAME = "$(TARGET_NAME)";
				SWIFT_VERSION = 4.2;
				TARGETED_DEVICE_FAMILY = "1,2";
			};
			name = Debug;
		};
		5F3EB86B2331E05D004E0523 /* Release */ = {
			isa = XCBuildConfiguration;
			buildSettings = {
				ASSETCATALOG_COMPILER_APPICON_NAME = AppIcon;
				CODE_SIGN_STYLE = Automatic;
				INFOPLIST_FILE = lesson1/Info.plist;
				LD_RUNPATH_SEARCH_PATHS = (
					"$(inherited)",
					"@executable_path/Frameworks",
				);
				PRODUCT_BUNDLE_IDENTIFIER = lollehy.lesson1;
				PRODUCT_NAME = "$(TARGET_NAME)";
				SWIFT_VERSION = 4.2;
				TARGETED_DEVICE_FAMILY = "1,2";
			};
			name = Release;
		};
		5F3EB86D2331E05D004E0523 /* Debug */ = {
			isa = XCBuildConfiguration;
			buildSettings = {
				ALWAYS_EMBED_SWIFT_STANDARD_LIBRARIES = YES;
				BUNDLE_LOADER = "$(TEST_HOST)";
				CODE_SIGN_STYLE = Automatic;
				INFOPLIST_FILE = lesson1Tests/Info.plist;
				LD_RUNPATH_SEARCH_PATHS = (
					"$(inherited)",
					"@executable_path/Frameworks",
					"@loader_path/Frameworks",
				);
				PRODUCT_BUNDLE_IDENTIFIER = lollehy.lesson1Tests;
				PRODUCT_NAME = "$(TARGET_NAME)";
				SWIFT_VERSION = 4.2;
				TARGETED_DEVICE_FAMILY = "1,2";
				TEST_HOST = "$(BUILT_PRODUCTS_DIR)/lesson1.app/lesson1";
			};
			name = Debug;
		};
		5F3EB86E2331E05D004E0523 /* Release */ = {
			isa = XCBuildConfiguration;
			buildSettings = {
				ALWAYS_EMBED_SWIFT_STANDARD_LIBRARIES = YES;
				BUNDLE_LOADER = "$(TEST_HOST)";
				CODE_SIGN_STYLE = Automatic;
				INFOPLIST_FILE = lesson1Tests/Info.plist;
				LD_RUNPATH_SEARCH_PATHS = (
					"$(inherited)",
					"@executable_path/Frameworks",
					"@loader_path/Frameworks",
				);
				PRODUCT_BUNDLE_IDENTIFIER = lollehy.lesson1Tests;
				PRODUCT_NAME = "$(TARGET_NAME)";
				SWIFT_VERSION = 4.2;
				TARGETED_DEVICE_FAMILY = "1,2";
				TEST_HOST = "$(BUILT_PRODUCTS_DIR)/lesson1.app/lesson1";
			};
			name = Release;
		};
		5F3EB8702331E05D004E0523 /* Debug */ = {
			isa = XCBuildConfiguration;
			buildSettings = {
				ALWAYS_EMBED_SWIFT_STANDARD_LIBRARIES = YES;
				CODE_SIGN_STYLE = Automatic;
				INFOPLIST_FILE = lesson1UITests/Info.plist;
				LD_RUNPATH_SEARCH_PATHS = (
					"$(inherited)",
					"@executable_path/Frameworks",
					"@loader_path/Frameworks",
				);
				PRODUCT_BUNDLE_IDENTIFIER = lollehy.lesson1UITests;
				PRODUCT_NAME = "$(TARGET_NAME)";
				SWIFT_VERSION = 4.2;
				TARGETED_DEVICE_FAMILY = "1,2";
				TEST_TARGET_NAME = lesson1;
			};
			name = Debug;
		};
		5F3EB8712331E05D004E0523 /* Release */ = {
			isa = XCBuildConfiguration;
			buildSettings = {
				ALWAYS_EMBED_SWIFT_STANDARD_LIBRARIES = YES;
				CODE_SIGN_STYLE = Automatic;
				INFOPLIST_FILE = lesson1UITests/Info.plist;
				LD_RUNPATH_SEARCH_PATHS = (
					"$(inherited)",
					"@executable_path/Frameworks",
					"@loader_path/Frameworks",
				);
				PRODUCT_BUNDLE_IDENTIFIER = lollehy.lesson1UITests;
				PRODUCT_NAME = "$(TARGET_NAME)";
				SWIFT_VERSION = 4.2;
				TARGETED_DEVICE_FAMILY = "1,2";
				TEST_TARGET_NAME = lesson1;
			};
			name = Release;
		};
/* End XCBuildConfiguration section */

/* Begin XCConfigurationList section */
		5F3EB83C2331E05C004E0523 /* Build configuration list for PBXProject "lesson1" */ = {
			isa = XCConfigurationList;
			buildConfigurations = (
				5F3EB8672331E05D004E0523 /* Debug */,
				5F3EB8682331E05D004E0523 /* Release */,
			);
			defaultConfigurationIsVisible = 0;
			defaultConfigurationName = Release;
		};
		5F3EB8692331E05D004E0523 /* Build configuration list for PBXNativeTarget "lesson1" */ = {
			isa = XCConfigurationList;
			buildConfigurations = (
				5F3EB86A2331E05D004E0523 /* Debug */,
				5F3EB86B2331E05D004E0523 /* Release */,
			);
			defaultConfigurationIsVisible = 0;
			defaultConfigurationName = Release;
		};
		5F3EB86C2331E05D004E0523 /* Build configuration list for PBXNativeTarget "lesson1Tests" */ = {
			isa = XCConfigurationList;
			buildConfigurations = (
				5F3EB86D2331E05D004E0523 /* Debug */,
				5F3EB86E2331E05D004E0523 /* Release */,
			);
			defaultConfigurationIsVisible = 0;
			defaultConfigurationName = Release;
		};
		5F3EB86F2331E05D004E0523 /* Build configuration list for PBXNativeTarget "lesson1UITests" */ = {
			isa = XCConfigurationList;
			buildConfigurations = (
				5F3EB8702331E05D004E0523 /* Debug */,
				5F3EB8712331E05D004E0523 /* Release */,
			);
			defaultConfigurationIsVisible = 0;
			defaultConfigurationName = Release;
		};
/* End XCConfigurationList section */
	};
	rootObject = 5F3EB8392331E05C004E0523 /* Project object */;
}
